
Microsoft Visual Studio Solution File, Format Version 12.00
# Visual Studio Version 17
VisualStudioVersion = 17.3.32929.385
MinimumVisualStudioVersion = 10.0.40219.1
Project("{9A19103F-16F7-4668-BE54-9A1E7A4F7556}") = "UnitConvertor", "UnitConvertor\UnitConvertor.csproj", "{4165E040-0FEB-4561-8096-A17EBCD9AD41}"
EndProject
Project("{FAE04EC0-301F-11D3-BF4B-00C04F79EFBC}") = "Tests", "Tests\Tests.csproj", "{089ABB60-3159-40CE-8FCC-58153C39D718}"
EndProject
Global
	GlobalSection(SolutionConfigurationPlatforms) = preSolution
		Debug|Any CPU = Debug|Any CPU
		Release|Any CPU = Release|Any CPU
	EndGlobalSection
	GlobalSection(ProjectConfigurationPlatforms) = postSolution
		{4165E040-0FEB-4561-8096-A17EBCD9AD41}.Debug|Any CPU.ActiveCfg = Debug|Any CPU
		{4165E040-0FEB-4561-8096-A17EBCD9AD41}.Debug|Any CPU.Build.0 = Debug|Any CPU
		{4165E040-0FEB-4561-8096-A17EBCD9AD41}.Release|Any CPU.ActiveCfg = Release|Any CPU
		{4165E040-0FEB-4561-8096-A17EBCD9AD41}.Release|Any CPU.Build.0 = Release|Any CPU
		{089ABB60-3159-40CE-8FCC-58153C39D718}.Debug|Any CPU.ActiveCfg = Debug|Any CPU
		{089ABB60-3159-40CE-8FCC-58153C39D718}.Debug|Any CPU.Build.0 = Debug|Any CPU
		{089ABB60-3159-40CE-8FCC-58153C39D718}.Release|Any CPU.ActiveCfg = Release|Any CPU
		{089ABB60-3159-40CE-8FCC-58153C39D718}.Release|Any CPU.Build.0 = Release|Any CPU
	EndGlobalSection
	GlobalSection(SolutionProperties) = preSolution
		HideSolutionNode = FALSE
	EndGlobalSection
	GlobalSection(ExtensibilityGlobals) = postSolution
		SolutionGuid = {48130C07-6840-41EE-A122-C35F9C879371}
	EndGlobalSection
EndGlobal
